{
  "nodes": {
    "evident-client": {
      "inputs": {
        "flake-utils": "flake-utils",
        "nixpkgs": [
          "nixpkgs"
        ]
      },
      "locked": {
        "dir": "client",
        "lastModified": 1777447947,
        "narHash": "sha256-STndLHRwFVkSbtr3Xc0rVeQLc95I99tCCDzaT/B1zYA=",
        "owner": "dpss-inesc-id",
        "repo": "achilles-cvm",
        "rev": "d9c8f280f1a4d667e759998cbda7b4afa910fd1d",
        "type": "gitlab"
      },
      "original": {
        "dir": "client",
        "owner": "dpss-inesc-id",
        "ref": "dev",
        "repo": "achilles-cvm",
        "type": "gitlab"
      }
    },
    "evident-instance": {
      "inputs": {
        "nixpkgs": [
          "nixpkgs"
        ],
        "rust-overlay": "rust-overlay"
      },
      "locked": {
        "dir": "instance",
        "lastModified": 1777447947,
        "narHash": "sha256-STndLHRwFVkSbtr3Xc0rVeQLc95I99tCCDzaT/B1zYA=",
        "owner": "dpss-inesc-id",
        "repo": "achilles-cvm",
        "rev": "d9c8f280f1a4d667e759998cbda7b4afa910fd1d",
        "type": "gitlab"
      },
      "original": {
        "dir": "instance",
        "owner": "dpss-inesc-id",
        "ref": "dev",
        "repo": "achilles-cvm",
        "type": "gitlab"
      }
    },
    "flake-parts": {
      "inputs": {
        "nixpkgs-lib": "nixpkgs-lib"
      },
      "locked": {
        "lastModified": 1775087534,
        "narHash": "sha256-91qqW8lhL7TLwgQWijoGBbiD4t7/q75KTi8NxjVmSmA=",
        "owner": "hercules-ci",
        "repo": "flake-parts",
        "rev": "3107b77cd68437b9a76194f0f7f9c55f2329ca5b",
        "type": "github"
      },
      "original": {
        "owner": "hercules-ci",
        "repo": "flake-parts",
        "type": "github"
      }
    },
    "flake-utils": {
      "inputs": {
        "systems": "systems"
      },
      "locked": {
        "lastModified": 1731533236,
        "narHash": "sha256-l0KFg5HjrsfsO/JpG+r7fRrqm12kzFHyUHqHCVpMMbI=",
        "owner": "numtide",
        "repo": "flake-utils",
        "rev": "11707dc2f618dd54ca8739b309ec4fc024de578b",
        "type": "github"
      },
      "original": {
        "owner": "numtide",
        "repo": "flake-utils",
        "type": "github"
      }
    },
    "nixpkgs": {
      "locked": {
        "lastModified": 1774655971,
        "narHash": "sha256-Tu4tiUsk7FP6bPpG4jG1bXhij3UUo67sTU5q0q0TJi4=",
        "owner": "nixos",
        "repo": "nixpkgs",
        "rev": "3821d95df71b4b273ddda99a69d1639da86f25b6",
        "type": "github"
      },
      "original": {
        "owner": "nixos",
        "ref": "3821d95df71b4b273ddda99a69d1639da86f25b6",
        "repo": "nixpkgs",
        "type": "github"
      }
    },
    "nixpkgs-lib": {
      "locked": {
        "lastModified": 1774748309,
        "narHash": "sha256-+U7gF3qxzwD5TZuANzZPeJTZRHS29OFQgkQ2kiTJBIQ=",
        "owner": "nix-community",
        "repo": "nixpkgs.lib",
        "rev": "333c4e0545a6da976206c74db8773a1645b5870a",
        "type": "github"
      },
      "original": {
        "owner": "nix-community",
        "repo": "nixpkgs.lib",
        "type": "github"
      }
    },
    "root": {
      "inputs": {
        "evident-client": "evident-client",
        "evident-instance": "evident-instance",
        "flake-parts": "flake-parts",
        "nixpkgs": "nixpkgs"
      }
    },
    "rust-overlay": {
      "inputs": {
        "nixpkgs": [
          "evident-instance",
          "nixpkgs"
        ]
      },
      "locked": {
        "lastModified": 1773716879,
        "narHash": "sha256-vXCTasEzzTTd0ZGEuyle20H2hjRom66JeNr7i2ktHD0=",
        "owner": "oxalica",
        "repo": "rust-overlay",
        "rev": "1a9ddeb45c5751b800331363703641b84d1f41f0",
        "type": "github"
      },
      "original": {
        "owner": "oxalica",
        "repo": "rust-overlay",
        "type": "github"
      }
    },
    "systems": {
      "locked": {
        "lastModified": 1681028828,
        "narHash": "sha256-Vy1rq5AaRuLzOxct8nz4T6wlgyUR7zLU309k9mBC768=",
        "owner": "nix-systems",
        "repo": "default",
        "rev": "da67096a3b9bf56a91d16901293e51ba5b49a27e",
        "type": "github"
      },
      "original": {
        "owner": "nix-systems",
        "repo": "default",
        "type": "github"
      }
    }
  },
  "root": "root",
  "version": 7
}
